
Microsoft Visual Studio Solution File, Format Version 12.00
# Visual Studio 15
VisualStudioVersion = 15.0.28307.168
MinimumVisualStudioVersion = 10.0.40219.1
Project("{FAE04EC0-301F-11D3-BF4B-00C04F79EFBC}") = "InteractiveBoard", "InteractiveBoard\InteractiveBoard.csproj", "{79C580B5-44FF-481F-82BE-8791A6CE460D}"
EndProject
Project("{FAE04EC0-301F-11D3-BF4B-00C04F79EFBC}") = "Server", "Server\Server.csproj", "{357B15A1-4D6A-417D-9FA4-7287387972D3}"
EndProject
Global
	GlobalSection(SolutionConfigurationPlatforms) = preSolution
		Debug|Any CPU = Debug|Any CPU
		Release|Any CPU = Release|Any CPU
	EndGlobalSection
	GlobalSection(ProjectConfigurationPlatforms) = postSolution
		{79C580B5-44FF-481F-82BE-8791A6CE460D}.Debug|Any CPU.ActiveCfg = Debug|Any CPU
		{79C580B5-44FF-481F-82BE-8791A6CE460D}.Debug|Any CPU.Build.0 = Debug|Any CPU
		{79C580B5-44FF-481F-82BE-8791A6CE460D}.Release|Any CPU.ActiveCfg = Release|Any CPU
		{79C580B5-44FF-481F-82BE-8791A6CE460D}.Release|Any CPU.Build.0 = Release|Any CPU
		{357B15A1-4D6A-417D-9FA4-7287387972D3}.Debug|Any CPU.ActiveCfg = Debug|Any CPU
		{357B15A1-4D6A-417D-9FA4-7287387972D3}.Debug|Any CPU.Build.0 = Debug|Any CPU
		{357B15A1-4D6A-417D-9FA4-7287387972D3}.Release|Any CPU.ActiveCfg = Release|Any CPU
		{357B15A1-4D6A-417D-9FA4-7287387972D3}.Release|Any CPU.Build.0 = Release|Any CPU
	EndGlobalSection
	GlobalSection(SolutionProperties) = preSolution
		HideSolutionNode = FALSE
	EndGlobalSection
	GlobalSection(ExtensibilityGlobals) = postSolution
		SolutionGuid = {1AD75A03-BE6F-4B5C-AF39-B710B321FE42}
	EndGlobalSection
EndGlobal
